
Microsoft Visual Studio Solution File, Format Version 12.00
# Visual Studio Version 17
VisualStudioVersion = 17.0.31919.166
MinimumVisualStudioVersion = 10.0.40219.1
Project("{FAE04EC0-301F-11D3-BF4B-00C04F79EFBC}") = "Aula1", "Aula1\Aula1.csproj", "{C980333C-8EA1-47AD-925C-44C6521707AD}"
EndProject
Project("{FAE04EC0-301F-11D3-BF4B-00C04F79EFBC}") = "Aula12", "Aula12\Aula12.csproj", "{1325904F-2C31-4CBC-8BB0-B0C3F17708FE}"
EndProject
Project("{FAE04EC0-301F-11D3-BF4B-00C04F79EFBC}") = "Aula13", "Aula13\Aula13.csproj", "{D7E7E97C-47B3-44C9-8F5E-7167514D3CCE}"
EndProject
Project("{FAE04EC0-301F-11D3-BF4B-00C04F79EFBC}") = "Aula14", "Aula14\Aula14.csproj", "{81D9AD6B-C063-477C-8C86-E5488586E712}"
EndProject
Project("{FAE04EC0-301F-11D3-BF4B-00C04F79EFBC}") = "JogoAula1", "JogoAula1\JogoAula1.csproj", "{7B8A31D3-5C2B-49DB-93DF-3D0A5633AFD9}"
EndProject
Global
	GlobalSection(SolutionConfigurationPlatforms) = preSolution
		Debug|Any CPU = Debug|Any CPU
		Release|Any CPU = Release|Any CPU
	EndGlobalSection
	GlobalSection(ProjectConfigurationPlatforms) = postSolution
		{C980333C-8EA1-47AD-925C-44C6521707AD}.Debug|Any CPU.ActiveCfg = Debug|Any CPU
		{C980333C-8EA1-47AD-925C-44C6521707AD}.Debug|Any CPU.Build.0 = Debug|Any CPU
		{C980333C-8EA1-47AD-925C-44C6521707AD}.Release|Any CPU.ActiveCfg = Release|Any CPU
		{C980333C-8EA1-47AD-925C-44C6521707AD}.Release|Any CPU.Build.0 = Release|Any CPU
		{1325904F-2C31-4CBC-8BB0-B0C3F17708FE}.Debug|Any CPU.ActiveCfg = Debug|Any CPU
		{1325904F-2C31-4CBC-8BB0-B0C3F17708FE}.Debug|Any CPU.Build.0 = Debug|Any CPU
		{1325904F-2C31-4CBC-8BB0-B0C3F17708FE}.Release|Any CPU.ActiveCfg = Release|Any CPU
		{1325904F-2C31-4CBC-8BB0-B0C3F17708FE}.Release|Any CPU.Build.0 = Release|Any CPU
		{D7E7E97C-47B3-44C9-8F5E-7167514D3CCE}.Debug|Any CPU.ActiveCfg = Debug|Any CPU
		{D7E7E97C-47B3-44C9-8F5E-7167514D3CCE}.Debug|Any CPU.Build.0 = Debug|Any CPU
		{D7E7E97C-47B3-44C9-8F5E-7167514D3CCE}.Release|Any CPU.ActiveCfg = Release|Any CPU
		{D7E7E97C-47B3-44C9-8F5E-7167514D3CCE}.Release|Any CPU.Build.0 = Release|Any CPU
		{81D9AD6B-C063-477C-8C86-E5488586E712}.Debug|Any CPU.ActiveCfg = Debug|Any CPU
		{81D9AD6B-C063-477C-8C86-E5488586E712}.Debug|Any CPU.Build.0 = Debug|Any CPU
		{81D9AD6B-C063-477C-8C86-E5488586E712}.Release|Any CPU.ActiveCfg = Release|Any CPU
		{81D9AD6B-C063-477C-8C86-E5488586E712}.Release|Any CPU.Build.0 = Release|Any CPU
		{7B8A31D3-5C2B-49DB-93DF-3D0A5633AFD9}.Debug|Any CPU.ActiveCfg = Debug|Any CPU
		{7B8A31D3-5C2B-49DB-93DF-3D0A5633AFD9}.Debug|Any CPU.Build.0 = Debug|Any CPU
		{7B8A31D3-5C2B-49DB-93DF-3D0A5633AFD9}.Release|Any CPU.ActiveCfg = Release|Any CPU
		{7B8A31D3-5C2B-49DB-93DF-3D0A5633AFD9}.Release|Any CPU.Build.0 = Release|Any CPU
	EndGlobalSection
	GlobalSection(SolutionProperties) = preSolution
		HideSolutionNode = FALSE
	EndGlobalSection
	GlobalSection(ExtensibilityGlobals) = postSolution
		SolutionGuid = {A08A8926-6B16-4C1A-BDF1-331C9EEE2D3C}
	EndGlobalSection
EndGlobal
